
Microsoft Visual Studio Solution File, Format Version 12.00
# Visual Studio Version 17
VisualStudioVersion = 17.0.31903.59
MinimumVisualStudioVersion = 10.0.40219.1
Project("{FAE04EC0-301F-11D3-BF4B-00C04F79EFBC}") = "Ultra-Saver", "app\Ultra-Saver.csproj", "{DCF47EA9-8ABB-4A2E-8D2C-784C4678089A}"
EndProject
Project("{FAE04EC0-301F-11D3-BF4B-00C04F79EFBC}") = "tests", "tests\tests.csproj", "{0B683FD8-BDC0-4907-9AE1-C5FF1CEEDE27}"
EndProject
Global
	GlobalSection(SolutionConfigurationPlatforms) = preSolution
		Debug|Any CPU = Debug|Any CPU
		Release|Any CPU = Release|Any CPU
	EndGlobalSection
	GlobalSection(SolutionProperties) = preSolution
		HideSolutionNode = FALSE
	EndGlobalSection
	GlobalSection(ProjectConfigurationPlatforms) = postSolution
		{DCF47EA9-8ABB-4A2E-8D2C-784C4678089A}.Debug|Any CPU.ActiveCfg = Debug|Any CPU
		{DCF47EA9-8ABB-4A2E-8D2C-784C4678089A}.Debug|Any CPU.Build.0 = Debug|Any CPU
		{DCF47EA9-8ABB-4A2E-8D2C-784C4678089A}.Release|Any CPU.ActiveCfg = Release|Any CPU
		{DCF47EA9-8ABB-4A2E-8D2C-784C4678089A}.Release|Any CPU.Build.0 = Release|Any CPU
		{0B683FD8-BDC0-4907-9AE1-C5FF1CEEDE27}.Debug|Any CPU.ActiveCfg = Debug|Any CPU
		{0B683FD8-BDC0-4907-9AE1-C5FF1CEEDE27}.Debug|Any CPU.Build.0 = Debug|Any CPU
		{0B683FD8-BDC0-4907-9AE1-C5FF1CEEDE27}.Release|Any CPU.ActiveCfg = Release|Any CPU
		{0B683FD8-BDC0-4907-9AE1-C5FF1CEEDE27}.Release|Any CPU.Build.0 = Release|Any CPU
	EndGlobalSection
EndGlobal
